<?xml version="1.0" encoding="utf-8"?>
<Project ToolsVersion="4.0" xmlns="http://schemas.microsoft.com/developer/msbuild/2003">
  <ItemGroup>
    <ClInclude Include="Common.hpp" />
    <ClInclude Include="Logger.hpp" />
    <ClInclude Include="Memory.hpp" />
    <ClInclude Include="Types.hpp" />
    <ClInclude Include="Script.hpp" />
    <ClInclude Include="Settings.hpp" />
    <ClInclude Include="Util.hpp" />
    <ClInclude Include="Lists.hpp" />
    <ClInclude Include="ScriptGlobal.hpp" />
    <ClInclude Include="Timer.hpp" />
    <ClInclude Include="CustomText.hpp" />
    <ClInclude Include="UI\TextBox.hpp" />
    <ClInclude Include="Translation.hpp" />
    <ClInclude Include="ImGui\imconfig.h">
      <Filter>ImGui</Filter>
    </ClInclude>
    <ClInclude Include="ImGui\imgui.h">
      <Filter>ImGui</Filter>
    </ClInclude>
    <ClInclude Include="ImGui\imgui_impl_dx11.h">
      <Filter>ImGui</Filter>
    </ClInclude>
    <ClInclude Include="ImGui\imgui_impl_win32.h">
      <Filter>ImGui</Filter>
    </ClInclude>
    <ClInclude Include="ImGui\imgui_internal.h">
      <Filter>ImGui</Filter>
    </ClInclude>
    <ClInclude Include="ImGui\imstb_rectpack.h">
      <Filter>ImGui</Filter>
    </ClInclude>
    <ClInclude Include="ImGui\imstb_textedit.h">
      <Filter>ImGui</Filter>
    </ClInclude>
    <ClInclude Include="ImGui\imstb_truetype.h">
      <Filter>ImGui</Filter>
    </ClInclude>
    <ClInclude Include="UI\AbstractOption.hpp">
      <Filter>User Interface\Option types</Filter>
    </ClInclude>
    <ClInclude Include="UI\BaseOption.hpp">
      <Filter>User Interface\Option types</Filter>
    </ClInclude>
    <ClInclude Include="UI\ChooseOption.hpp">
      <Filter>User Interface\Option types</Filter>
    </ClInclude>
    <ClInclude Include="UI\NumberOption.hpp">
      <Filter>User Interface\Option types</Filter>
    </ClInclude>
    <ClInclude Include="UI\RegularOption.hpp">
      <Filter>User Interface\Option types</Filter>
    </ClInclude>
    <ClInclude Include="UI\BaseSubmenu.hpp">
      <Filter>User Interface\Submenu types</Filter>
    </ClInclude>
    <ClInclude Include="UI\AbstractSubmenu.hpp">
      <Filter>User Interface\Submenu types</Filter>
    </ClInclude>
    <ClInclude Include="UI\PlayerSubmenu.hpp">
      <Filter>User Interface\Submenu types</Filter>
    </ClInclude>
    <ClInclude Include="UI\RegularSubmenu.hpp">
      <Filter>User Interface\Submenu types</Filter>
    </ClInclude>
    <ClInclude Include="UI\BoolOption.hpp">
      <Filter>User Interface\Option types</Filter>
    </ClInclude>
    <ClInclude Include="UI\SubOption.hpp">
      <Filter>User Interface\Option types</Filter>
    </ClInclude>
    <ClInclude Include="D3DRenderer.hpp">
      <Filter>Direct3D</Filter>
    </ClInclude>
    <ClInclude Include="UI\UIManager.hpp">
      <Filter>User Interface</Filter>
    </ClInclude>
    <ClInclude Include="LogScript.hpp">
      <Filter>Scripts</Filter>
    </ClInclude>
    <ClInclude Include="MainScript.hpp">
      <Filter>Scripts</Filter>
    </ClInclude>
    <ClInclude Include="Hooking.hpp">
      <Filter>Hooking</Filter>
    </ClInclude>
    <ClInclude Include="Game.hpp">
      <Filter>Hooking</Filter>
    </ClInclude>
    <ClInclude Include="VMTHook.hpp">
      <Filter>Hooking</Filter>
    </ClInclude>
    <ClInclude Include="Crossmap.hpp">
      <Filter>Invoking</Filter>
    </ClInclude>
    <ClInclude Include="Invoker.hpp">
      <Filter>Invoking</Filter>
    </ClInclude>
    <ClInclude Include="Natives.hpp">
      <Filter>Invoking</Filter>
    </ClInclude>
  </ItemGroup>
  <ItemGroup>
    <ClCompile Include="Main.cpp" />
    <ClCompile Include="Common.cpp" />
    <ClCompile Include="Logger.cpp" />
    <ClCompile Include="CustomText.cpp" />
    <ClCompile Include="ImGui\imgui.cpp">
      <Filter>ImGui</Filter>
    </ClCompile>
    <ClCompile Include="ImGui\imgui_demo.cpp">
      <Filter>ImGui</Filter>
    </ClCompile>
    <ClCompile Include="ImGui\imgui_draw.cpp">
      <Filter>ImGui</Filter>
    </ClCompile>
    <ClCompile Include="ImGui\imgui_impl_dx11.cpp">
      <Filter>ImGui</Filter>
    </ClCompile>
    <ClCompile Include="ImGui\imgui_impl_win32.cpp">
      <Filter>ImGui</Filter>
    </ClCompile>
    <ClCompile Include="ImGui\imgui_widgets.cpp">
      <Filter>ImGui</Filter>
    </ClCompile>
    <ClCompile Include="D3DRenderer.cpp">
      <Filter>Direct3D</Filter>
    </ClCompile>
    <ClCompile Include="UI\UIManager.cpp">
      <Filter>User Interface</Filter>
    </ClCompile>
    <ClCompile Include="LogScript.cpp">
      <Filter>Scripts</Filter>
    </ClCompile>
    <ClCompile Include="MainScript.cpp">
      <Filter>Scripts</Filter>
    </ClCompile>
    <ClCompile Include="Game.cpp">
      <Filter>Hooking</Filter>
    </ClCompile>
    <ClCompile Include="Hooking.cpp">
      <Filter>Hooking</Filter>
    </ClCompile>
  </ItemGroup>
  <ItemGroup>
    <Filter Include="ImGui">
      <UniqueIdentifier>{b631d167-e59a-48b6-b201-5d5b74b89594}</UniqueIdentifier>
    </Filter>
    <Filter Include="User Interface">
      <UniqueIdentifier>{63d2603e-0fda-4e92-901a-c486c221c1ea}</UniqueIdentifier>
    </Filter>
    <Filter Include="User Interface\Submenu types">
      <UniqueIdentifier>{a687b8d5-4c34-44d2-8f1a-25c53b3a7e33}</UniqueIdentifier>
    </Filter>
    <Filter Include="User Interface\Option types">
      <UniqueIdentifier>{07da0fee-a195-4bde-9302-f0e836e40c33}</UniqueIdentifier>
    </Filter>
    <Filter Include="Direct3D">
      <UniqueIdentifier>{beb07f5a-afc5-4f73-8a0d-c80ec695441e}</UniqueIdentifier>
    </Filter>
    <Filter Include="Scripts">
      <UniqueIdentifier>{79d1ebe6-13e3-4f57-9c6f-e0a823d2b3e7}</UniqueIdentifier>
    </Filter>
    <Filter Include="Hooking">
      <UniqueIdentifier>{3973306c-98e7-4033-b216-fda61439e6be}</UniqueIdentifier>
    </Filter>
    <Filter Include="Invoking">
      <UniqueIdentifier>{82c106e2-239c-4fba-bb34-5c4470113cb9}</UniqueIdentifier>
    </Filter>
  </ItemGroup>
</Project>